
Microsoft Visual Studio Solution File, Format Version 12.00
# Visual Studio 15
VisualStudioVersion = 15.0.27703.2018
MinimumVisualStudioVersion = 10.0.40219.1
Project("{FAE04EC0-301F-11D3-BF4B-00C04F79EFBC}") = "travel-buddy-xamarin.Android", "travel-buddy-xamarin\travel-buddy-xamarin.Android\travel-buddy-xamarin.Android.csproj", "{ECDBA590-5550-48B8-9745-27F7BDE11F8F}"
EndProject
Project("{FAE04EC0-301F-11D3-BF4B-00C04F79EFBC}") = "travel-buddy-xamarin.iOS", "travel-buddy-xamarin\travel-buddy-xamarin.iOS\travel-buddy-xamarin.iOS.csproj", "{BBC52166-8F63-4B1D-B254-E5BB9AD5A1FE}"
EndProject
Project("{FAE04EC0-301F-11D3-BF4B-00C04F79EFBC}") = "travel-buddy-xamarin", "travel-buddy-xamarin\travel-buddy-xamarin\travel-buddy-xamarin.csproj", "{A25F7E5F-2C93-4087-B5AA-7A1AF03FDDD3}"
EndProject
Global
	GlobalSection(SolutionConfigurationPlatforms) = preSolution
		Ad-Hoc|Any CPU = Ad-Hoc|Any CPU
		Ad-Hoc|iPhone = Ad-Hoc|iPhone
		Ad-Hoc|iPhoneSimulator = Ad-Hoc|iPhoneSimulator
		AppStore|Any CPU = AppStore|Any CPU
		AppStore|iPhone = AppStore|iPhone
		AppStore|iPhoneSimulator = AppStore|iPhoneSimulator
		Debug|Any CPU = Debug|Any CPU
		Debug|iPhone = Debug|iPhone
		Debug|iPhoneSimulator = Debug|iPhoneSimulator
		Release|Any CPU = Release|Any CPU
		Release|iPhone = Release|iPhone
		Release|iPhoneSimulator = Release|iPhoneSimulator
	EndGlobalSection
	GlobalSection(ProjectConfigurationPlatforms) = postSolution
		{ECDBA590-5550-48B8-9745-27F7BDE11F8F}.Ad-Hoc|Any CPU.ActiveCfg = Release|Any CPU
		{ECDBA590-5550-48B8-9745-27F7BDE11F8F}.Ad-Hoc|Any CPU.Build.0 = Release|Any CPU
		{ECDBA590-5550-48B8-9745-27F7BDE11F8F}.Ad-Hoc|Any CPU.Deploy.0 = Release|Any CPU
		{ECDBA590-5550-48B8-9745-27F7BDE11F8F}.Ad-Hoc|iPhone.ActiveCfg = Release|Any CPU
		{ECDBA590-5550-48B8-9745-27F7BDE11F8F}.Ad-Hoc|iPhone.Build.0 = Release|Any CPU
		{ECDBA590-5550-48B8-9745-27F7BDE11F8F}.Ad-Hoc|iPhone.Deploy.0 = Release|Any CPU
		{ECDBA590-5550-48B8-9745-27F7BDE11F8F}.Ad-Hoc|iPhoneSimulator.ActiveCfg = Release|Any CPU
		{ECDBA590-5550-48B8-9745-27F7BDE11F8F}.Ad-Hoc|iPhoneSimulator.Build.0 = Release|Any CPU
		{ECDBA590-5550-48B8-9745-27F7BDE11F8F}.Ad-Hoc|iPhoneSimulator.Deploy.0 = Release|Any CPU
		{ECDBA590-5550-48B8-9745-27F7BDE11F8F}.AppStore|Any CPU.ActiveCfg = Release|Any CPU
		{ECDBA590-5550-48B8-9745-27F7BDE11F8F}.AppStore|Any CPU.Build.0 = Release|Any CPU
		{ECDBA590-5550-48B8-9745-27F7BDE11F8F}.AppStore|Any CPU.Deploy.0 = Release|Any CPU
		{ECDBA590-5550-48B8-9745-27F7BDE11F8F}.AppStore|iPhone.ActiveCfg = Release|Any CPU
		{ECDBA590-5550-48B8-9745-27F7BDE11F8F}.AppStore|iPhone.Build.0 = Release|Any CPU
		{ECDBA590-5550-48B8-9745-27F7BDE11F8F}.AppStore|iPhone.Deploy.0 = Release|Any CPU
		{ECDBA590-5550-48B8-9745-27F7BDE11F8F}.AppStore|iPhoneSimulator.ActiveCfg = Release|Any CPU
		{ECDBA590-5550-48B8-9745-27F7BDE11F8F}.AppStore|iPhoneSimulator.Build.0 = Release|Any CPU
		{ECDBA590-5550-48B8-9745-27F7BDE11F8F}.AppStore|iPhoneSimulator.Deploy.0 = Release|Any CPU
		{ECDBA590-5550-48B8-9745-27F7BDE11F8F}.Debug|Any CPU.ActiveCfg = Debug|Any CPU
		{ECDBA590-5550-48B8-9745-27F7BDE11F8F}.Debug|Any CPU.Build.0 = Debug|Any CPU
		{ECDBA590-5550-48B8-9745-27F7BDE11F8F}.Debug|Any CPU.Deploy.0 = Debug|Any CPU
		{ECDBA590-5550-48B8-9745-27F7BDE11F8F}.Debug|iPhone.ActiveCfg = Debug|Any CPU
		{ECDBA590-5550-48B8-9745-27F7BDE11F8F}.Debug|iPhone.Build.0 = Debug|Any CPU
		{ECDBA590-5550-48B8-9745-27F7BDE11F8F}.Debug|iPhone.Deploy.0 = Debug|Any CPU
		{ECDBA590-5550-48B8-9745-27F7BDE11F8F}.Debug|iPhoneSimulator.ActiveCfg = Debug|Any CPU
		{ECDBA590-5550-48B8-9745-27F7BDE11F8F}.Debug|iPhoneSimulator.Build.0 = Debug|Any CPU
		{ECDBA590-5550-48B8-9745-27F7BDE11F8F}.Debug|iPhoneSimulator.Deploy.0 = Debug|Any CPU
		{ECDBA590-5550-48B8-9745-27F7BDE11F8F}.Release|Any CPU.ActiveCfg = Release|Any CPU
		{ECDBA590-5550-48B8-9745-27F7BDE11F8F}.Release|Any CPU.Build.0 = Release|Any CPU
		{ECDBA590-5550-48B8-9745-27F7BDE11F8F}.Release|Any CPU.Deploy.0 = Release|Any CPU
		{ECDBA590-5550-48B8-9745-27F7BDE11F8F}.Release|iPhone.ActiveCfg = Release|Any CPU
		{ECDBA590-5550-48B8-9745-27F7BDE11F8F}.Release|iPhone.Build.0 = Release|Any CPU
		{ECDBA590-5550-48B8-9745-27F7BDE11F8F}.Release|iPhone.Deploy.0 = Release|Any CPU
		{ECDBA590-5550-48B8-9745-27F7BDE11F8F}.Release|iPhoneSimulator.ActiveCfg = Release|Any CPU
		{ECDBA590-5550-48B8-9745-27F7BDE11F8F}.Release|iPhoneSimulator.Build.0 = Release|Any CPU
		{ECDBA590-5550-48B8-9745-27F7BDE11F8F}.Release|iPhoneSimulator.Deploy.0 = Release|Any CPU
		{BBC52166-8F63-4B1D-B254-E5BB9AD5A1FE}.Ad-Hoc|Any CPU.ActiveCfg = Ad-Hoc|iPhone
		{BBC52166-8F63-4B1D-B254-E5BB9AD5A1FE}.Ad-Hoc|Any CPU.Build.0 = Ad-Hoc|iPhone
		{BBC52166-8F63-4B1D-B254-E5BB9AD5A1FE}.Ad-Hoc|Any CPU.Deploy.0 = Ad-Hoc|iPhone
		{BBC52166-8F63-4B1D-B254-E5BB9AD5A1FE}.Ad-Hoc|iPhone.ActiveCfg = Ad-Hoc|iPhone
		{BBC52166-8F63-4B1D-B254-E5BB9AD5A1FE}.Ad-Hoc|iPhone.Build.0 = Ad-Hoc|iPhone
		{BBC52166-8F63-4B1D-B254-E5BB9AD5A1FE}.Ad-Hoc|iPhone.Deploy.0 = Ad-Hoc|iPhone
		{BBC52166-8F63-4B1D-B254-E5BB9AD5A1FE}.Ad-Hoc|iPhoneSimulator.ActiveCfg = Ad-Hoc|iPhoneSimulator
		{BBC52166-8F63-4B1D-B254-E5BB9AD5A1FE}.Ad-Hoc|iPhoneSimulator.Build.0 = Ad-Hoc|iPhoneSimulator
		{BBC52166-8F63-4B1D-B254-E5BB9AD5A1FE}.Ad-Hoc|iPhoneSimulator.Deploy.0 = Ad-Hoc|iPhoneSimulator
		{BBC52166-8F63-4B1D-B254-E5BB9AD5A1FE}.AppStore|Any CPU.ActiveCfg = AppStore|iPhone
		{BBC52166-8F63-4B1D-B254-E5BB9AD5A1FE}.AppStore|Any CPU.Build.0 = AppStore|iPhone
		{BBC52166-8F63-4B1D-B254-E5BB9AD5A1FE}.AppStore|Any CPU.Deploy.0 = AppStore|iPhone
		{BBC52166-8F63-4B1D-B254-E5BB9AD5A1FE}.AppStore|iPhone.ActiveCfg = AppStore|iPhone
		{BBC52166-8F63-4B1D-B254-E5BB9AD5A1FE}.AppStore|iPhone.Build.0 = AppStore|iPhone
		{BBC52166-8F63-4B1D-B254-E5BB9AD5A1FE}.AppStore|iPhone.Deploy.0 = AppStore|iPhone
		{BBC52166-8F63-4B1D-B254-E5BB9AD5A1FE}.AppStore|iPhoneSimulator.ActiveCfg = AppStore|iPhoneSimulator
		{BBC52166-8F63-4B1D-B254-E5BB9AD5A1FE}.AppStore|iPhoneSimulator.Build.0 = AppStore|iPhoneSimulator
		{BBC52166-8F63-4B1D-B254-E5BB9AD5A1FE}.AppStore|iPhoneSimulator.Deploy.0 = AppStore|iPhoneSimulator
		{BBC52166-8F63-4B1D-B254-E5BB9AD5A1FE}.Debug|Any CPU.ActiveCfg = Debug|iPhoneSimulator
		{BBC52166-8F63-4B1D-B254-E5BB9AD5A1FE}.Debug|Any CPU.Build.0 = Debug|iPhoneSimulator
		{BBC52166-8F63-4B1D-B254-E5BB9AD5A1FE}.Debug|Any CPU.Deploy.0 = Debug|iPhoneSimulator
		{BBC52166-8F63-4B1D-B254-E5BB9AD5A1FE}.Debug|iPhone.ActiveCfg = Debug|iPhone
		{BBC52166-8F63-4B1D-B254-E5BB9AD5A1FE}.Debug|iPhone.Build.0 = Debug|iPhone
		{BBC52166-8F63-4B1D-B254-E5BB9AD5A1FE}.Debug|iPhone.Deploy.0 = Debug|iPhone
		{BBC52166-8F63-4B1D-B254-E5BB9AD5A1FE}.Debug|iPhoneSimulator.ActiveCfg = Debug|iPhoneSimulator
		{BBC52166-8F63-4B1D-B254-E5BB9AD5A1FE}.Debug|iPhoneSimulator.Build.0 = Debug|iPhoneSimulator
		{BBC52166-8F63-4B1D-B254-E5BB9AD5A1FE}.Debug|iPhoneSimulator.Deploy.0 = Debug|iPhoneSimulator
		{BBC52166-8F63-4B1D-B254-E5BB9AD5A1FE}.Release|Any CPU.ActiveCfg = Release|iPhone
		{BBC52166-8F63-4B1D-B254-E5BB9AD5A1FE}.Release|Any CPU.Build.0 = Release|iPhone
		{BBC52166-8F63-4B1D-B254-E5BB9AD5A1FE}.Release|Any CPU.Deploy.0 = Release|iPhone
		{BBC52166-8F63-4B1D-B254-E5BB9AD5A1FE}.Release|iPhone.ActiveCfg = Release|iPhone
		{BBC52166-8F63-4B1D-B254-E5BB9AD5A1FE}.Release|iPhone.Build.0 = Release|iPhone
		{BBC52166-8F63-4B1D-B254-E5BB9AD5A1FE}.Release|iPhone.Deploy.0 = Release|iPhone
		{BBC52166-8F63-4B1D-B254-E5BB9AD5A1FE}.Release|iPhoneSimulator.ActiveCfg = Release|iPhoneSimulator
		{BBC52166-8F63-4B1D-B254-E5BB9AD5A1FE}.Release|iPhoneSimulator.Build.0 = Release|iPhoneSimulator
		{BBC52166-8F63-4B1D-B254-E5BB9AD5A1FE}.Release|iPhoneSimulator.Deploy.0 = Release|iPhoneSimulator
		{A25F7E5F-2C93-4087-B5AA-7A1AF03FDDD3}.Ad-Hoc|Any CPU.ActiveCfg = Debug|Any CPU
		{A25F7E5F-2C93-4087-B5AA-7A1AF03FDDD3}.Ad-Hoc|Any CPU.Build.0 = Debug|Any CPU
		{A25F7E5F-2C93-4087-B5AA-7A1AF03FDDD3}.Ad-Hoc|Any CPU.Deploy.0 = Debug|Any CPU
		{A25F7E5F-2C93-4087-B5AA-7A1AF03FDDD3}.Ad-Hoc|iPhone.ActiveCfg = Debug|Any CPU
		{A25F7E5F-2C93-4087-B5AA-7A1AF03FDDD3}.Ad-Hoc|iPhone.Build.0 = Debug|Any CPU
		{A25F7E5F-2C93-4087-B5AA-7A1AF03FDDD3}.Ad-Hoc|iPhone.Deploy.0 = Debug|Any CPU
		{A25F7E5F-2C93-4087-B5AA-7A1AF03FDDD3}.Ad-Hoc|iPhoneSimulator.ActiveCfg = Debug|Any CPU
		{A25F7E5F-2C93-4087-B5AA-7A1AF03FDDD3}.Ad-Hoc|iPhoneSimulator.Build.0 = Debug|Any CPU
		{A25F7E5F-2C93-4087-B5AA-7A1AF03FDDD3}.Ad-Hoc|iPhoneSimulator.Deploy.0 = Debug|Any CPU
		{A25F7E5F-2C93-4087-B5AA-7A1AF03FDDD3}.AppStore|Any CPU.ActiveCfg = Debug|Any CPU
		{A25F7E5F-2C93-4087-B5AA-7A1AF03FDDD3}.AppStore|Any CPU.Build.0 = Debug|Any CPU
		{A25F7E5F-2C93-4087-B5AA-7A1AF03FDDD3}.AppStore|Any CPU.Deploy.0 = Debug|Any CPU
		{A25F7E5F-2C93-4087-B5AA-7A1AF03FDDD3}.AppStore|iPhone.ActiveCfg = Debug|Any CPU
		{A25F7E5F-2C93-4087-B5AA-7A1AF03FDDD3}.AppStore|iPhone.Build.0 = Debug|Any CPU
		{A25F7E5F-2C93-4087-B5AA-7A1AF03FDDD3}.AppStore|iPhone.Deploy.0 = Debug|Any CPU
		{A25F7E5F-2C93-4087-B5AA-7A1AF03FDDD3}.AppStore|iPhoneSimulator.ActiveCfg = Debug|Any CPU
		{A25F7E5F-2C93-4087-B5AA-7A1AF03FDDD3}.AppStore|iPhoneSimulator.Build.0 = Debug|Any CPU
		{A25F7E5F-2C93-4087-B5AA-7A1AF03FDDD3}.AppStore|iPhoneSimulator.Deploy.0 = Debug|Any CPU
		{A25F7E5F-2C93-4087-B5AA-7A1AF03FDDD3}.Debug|Any CPU.ActiveCfg = Debug|Any CPU
		{A25F7E5F-2C93-4087-B5AA-7A1AF03FDDD3}.Debug|Any CPU.Build.0 = Debug|Any CPU
		{A25F7E5F-2C93-4087-B5AA-7A1AF03FDDD3}.Debug|Any CPU.Deploy.0 = Debug|Any CPU
		{A25F7E5F-2C93-4087-B5AA-7A1AF03FDDD3}.Debug|iPhone.ActiveCfg = Debug|Any CPU
		{A25F7E5F-2C93-4087-B5AA-7A1AF03FDDD3}.Debug|iPhone.Build.0 = Debug|Any CPU
		{A25F7E5F-2C93-4087-B5AA-7A1AF03FDDD3}.Debug|iPhone.Deploy.0 = Debug|Any CPU
		{A25F7E5F-2C93-4087-B5AA-7A1AF03FDDD3}.Debug|iPhoneSimulator.ActiveCfg = Debug|Any CPU
		{A25F7E5F-2C93-4087-B5AA-7A1AF03FDDD3}.Debug|iPhoneSimulator.Build.0 = Debug|Any CPU
		{A25F7E5F-2C93-4087-B5AA-7A1AF03FDDD3}.Debug|iPhoneSimulator.Deploy.0 = Debug|Any CPU
		{A25F7E5F-2C93-4087-B5AA-7A1AF03FDDD3}.Release|Any CPU.ActiveCfg = Release|Any CPU
		{A25F7E5F-2C93-4087-B5AA-7A1AF03FDDD3}.Release|Any CPU.Build.0 = Release|Any CPU
		{A25F7E5F-2C93-4087-B5AA-7A1AF03FDDD3}.Release|Any CPU.Deploy.0 = Release|Any CPU
		{A25F7E5F-2C93-4087-B5AA-7A1AF03FDDD3}.Release|iPhone.ActiveCfg = Release|Any CPU
		{A25F7E5F-2C93-4087-B5AA-7A1AF03FDDD3}.Release|iPhone.Build.0 = Release|Any CPU
		{A25F7E5F-2C93-4087-B5AA-7A1AF03FDDD3}.Release|iPhone.Deploy.0 = Release|Any CPU
		{A25F7E5F-2C93-4087-B5AA-7A1AF03FDDD3}.Release|iPhoneSimulator.ActiveCfg = Release|Any CPU
		{A25F7E5F-2C93-4087-B5AA-7A1AF03FDDD3}.Release|iPhoneSimulator.Build.0 = Release|Any CPU
		{A25F7E5F-2C93-4087-B5AA-7A1AF03FDDD3}.Release|iPhoneSimulator.Deploy.0 = Release|Any CPU
	EndGlobalSection
	GlobalSection(SolutionProperties) = preSolution
		HideSolutionNode = FALSE
	EndGlobalSection
	GlobalSection(ExtensibilityGlobals) = postSolution
		SolutionGuid = {C7FE8A12-7448-4ED0-B9D2-520E01772F9F}
	EndGlobalSection
EndGlobal
